
Microsoft Visual Studio Solution File, Format Version 12.00
# Visual Studio Version 17
VisualStudioVersion = 17.0.32014.148
MinimumVisualStudioVersion = 10.0.40219.1
Project("{FAE04EC0-301F-11D3-BF4B-00C04F79EFBC}") = "WindowsFormsApp20220112", "WindowsFormsApp20220112\WindowsFormsApp20220112.csproj", "{B7FF4E94-DFCE-4163-8835-812310B7472C}"
EndProject
Project("{FAE04EC0-301F-11D3-BF4B-00C04F79EFBC}") = "WindowsFormsApp20220112_2", "WindowsFormsApp20220112_2\WindowsFormsApp20220112_2.csproj", "{27C9EAE1-0E6A-44C0-BAD1-DA4F54C755A7}"
EndProject
Project("{FAE04EC0-301F-11D3-BF4B-00C04F79EFBC}") = "WindowsFormsApp20220112_DataGridView", "WindowsFormsApp20220112_DataGridView\WindowsFormsApp20220112_DataGridView.csproj", "{37CA2C12-B255-4315-9BCE-8D1D5492A00D}"
EndProject
Global
	GlobalSection(SolutionConfigurationPlatforms) = preSolution
		Debug|Any CPU = Debug|Any CPU
		Release|Any CPU = Release|Any CPU
	EndGlobalSection
	GlobalSection(ProjectConfigurationPlatforms) = postSolution
		{B7FF4E94-DFCE-4163-8835-812310B7472C}.Debug|Any CPU.ActiveCfg = Debug|Any CPU
		{B7FF4E94-DFCE-4163-8835-812310B7472C}.Debug|Any CPU.Build.0 = Debug|Any CPU
		{B7FF4E94-DFCE-4163-8835-812310B7472C}.Release|Any CPU.ActiveCfg = Release|Any CPU
		{B7FF4E94-DFCE-4163-8835-812310B7472C}.Release|Any CPU.Build.0 = Release|Any CPU
		{27C9EAE1-0E6A-44C0-BAD1-DA4F54C755A7}.Debug|Any CPU.ActiveCfg = Debug|Any CPU
		{27C9EAE1-0E6A-44C0-BAD1-DA4F54C755A7}.Debug|Any CPU.Build.0 = Debug|Any CPU
		{27C9EAE1-0E6A-44C0-BAD1-DA4F54C755A7}.Release|Any CPU.ActiveCfg = Release|Any CPU
		{27C9EAE1-0E6A-44C0-BAD1-DA4F54C755A7}.Release|Any CPU.Build.0 = Release|Any CPU
		{37CA2C12-B255-4315-9BCE-8D1D5492A00D}.Debug|Any CPU.ActiveCfg = Debug|Any CPU
		{37CA2C12-B255-4315-9BCE-8D1D5492A00D}.Debug|Any CPU.Build.0 = Debug|Any CPU
		{37CA2C12-B255-4315-9BCE-8D1D5492A00D}.Release|Any CPU.ActiveCfg = Release|Any CPU
		{37CA2C12-B255-4315-9BCE-8D1D5492A00D}.Release|Any CPU.Build.0 = Release|Any CPU
	EndGlobalSection
	GlobalSection(SolutionProperties) = preSolution
		HideSolutionNode = FALSE
	EndGlobalSection
	GlobalSection(ExtensibilityGlobals) = postSolution
		SolutionGuid = {E82DD0B3-5D17-495C-A9D4-91A6EDFCFDEF}
	EndGlobalSection
EndGlobal
